<?xml version="1.0" encoding="utf-8"?>
<Project ToolsVersion="4.0" xmlns="http://schemas.microsoft.com/developer/msbuild/2003">
  <ItemGroup>
    <Filter Include="Source Files">
      <UniqueIdentifier>{4FC737F1-C7A5-4376-A066-2A32D752A2FF}</UniqueIdentifier>
      <Extensions>cpp;c;cc;cxx;def;odl;idl;hpj;bat;asm;asmx</Extensions>
    </Filter>
    <Filter Include="Header Files">
      <UniqueIdentifier>{93995380-89BD-4b04-88EB-625FBE52EBFB}</UniqueIdentifier>
      <Extensions>h;hh;hpp;hxx;hm;inl;inc;xsd</Extensions>
    </Filter>
    <Filter Include="Resource Files">
      <UniqueIdentifier>{67DA6AB6-F800-4c08-8B7A-83BB121AAD01}</UniqueIdentifier>
      <Extensions>rc;ico;cur;bmp;dlg;rc2;rct;bin;rgs;gif;jpg;jpeg;jpe;resx;tiff;tif;png;wav;mfcribbon-ms</Extensions>
    </Filter>
  </ItemGroup>
  <ItemGroup>
    <ClCompile Include="dllmain.cpp">
      <Filter>Source Files</Filter>
    </ClCompile>
    <ClCompile Include="funkcje_dll.cpp">
      <Filter>Source Files</Filter>
    </ClCompile>
    <ClCompile Include="pedzle.cpp">
      <Filter>Source Files</Filter>
    </ClCompile>
    <ClCompile Include="funkcje.cpp">
      <Filter>Source Files</Filter>
    </ClCompile>
  </ItemGroup>
  <ItemGroup>
    <ClInclude Include="dllmain.h">
      <Filter>Header Files</Filter>
    </ClInclude>
    <ClInclude Include="funkcje_dll.h">
      <Filter>Header Files</Filter>
    </ClInclude>
    <ClInclude Include="pedzle.h">
      <Filter>Header Files</Filter>
    </ClInclude>
    <ClInclude Include="makra.h">
      <Filter>Header Files</Filter>
    </ClInclude>
    <ClInclude Include="resource.h">
      <Filter>Header Files</Filter>
    </ClInclude>
    <ClInclude Include="funkcje.h">
      <Filter>Header Files</Filter>
    </ClInclude>
  </ItemGroup>
  <ItemGroup>
    <ResourceCompile Include="Resource.rc">
      <Filter>Resource Files</Filter>
    </ResourceCompile>
  </ItemGroup>
  <ItemGroup>
    <Image Include="Tekstury\primary.bmp">
      <Filter>Resource Files</Filter>
    </Image>
    <Image Include="Tekstury\forest.bmp">
      <Filter>Resource Files</Filter>
    </Image>
    <Image Include="Tekstury\cemetery.bmp">
      <Filter>Resource Files</Filter>
    </Image>
    <Image Include="Tekstury\allotments.bmp">
      <Filter>Resource Files</Filter>
    </Image>
    <Image Include="Tekstury\landuse_military.bmp">
      <Filter>Resource Files</Filter>
    </Image>
    <Image Include="Tekstury\orchard.bmp">
      <Filter>Resource Files</Filter>
    </Image>
    <Image Include="Tekstury\quarry.bmp">
      <Filter>Resource Files</Filter>
    </Image>
    <Image Include="Tekstury\vineyard.bmp">
      <Filter>Resource Files</Filter>
    </Image>
    <Image Include="Tekstury\fastfood.png">
      <Filter>Resource Files</Filter>
    </Image>
    <Image Include="Tekstury\power_tower1.bmp">
      <Filter>Resource Files</Filter>
    </Image>
    <Image Include="Tekstury\power_tower2.bmp">
      <Filter>Resource Files</Filter>
    </Image>
    <Image Include="Tekstury\aeroway_aerodrome.png">
      <Filter>Resource Files</Filter>
    </Image>
    <Image Include="Tekstury\aeroway_helipad.png">
      <Filter>Resource Files</Filter>
    </Image>
    <Image Include="Tekstury\amenity_bar.png">
      <Filter>Resource Files</Filter>
    </Image>
    <Image Include="Tekstury\amenity_bbq.png">
      <Filter>Resource Files</Filter>
    </Image>
    <Image Include="Tekstury\amenity_biergarten.png">
      <Filter>Resource Files</Filter>
    </Image>
    <Image Include="Tekstury\amenity_cafe.png">
      <Filter>Resource Files</Filter>
    </Image>
    <Image Include="Tekstury\amenity_drinkingwater.png">
      <Filter>Resource Files</Filter>
    </Image>
    <Image Include="Tekstury\amenity_icecream.png">
      <Filter>Resource Files</Filter>
    </Image>
    <Image Include="Tekstury\amenity_pub.png">
      <Filter>Resource Files</Filter>
    </Image>
    <Image Include="Tekstury\amenity_restaurant.png">
      <Filter>Resource Files</Filter>
    </Image>
    <Image Include="Tekstury\barrier_gate.png">
      <Filter>Resource Files</Filter>
    </Image>
    <Image Include="Tekstury\highway_busstop.png">
      <Filter>Resource Files</Filter>
    </Image>
    <Image Include="Tekstury\highway_elevator.png">
      <Filter>Resource Files</Filter>
    </Image>
    <Image Include="Tekstury\highway_signals.png">
      <Filter>Resource Files</Filter>
    </Image>
    <Image Include="Tekstury\leisure_golfcourse.png">
      <Filter>Resource Files</Filter>
    </Image>
    <Image Include="Tekstury\leisure_miniaturegolf.png">
      <Filter>Resource Files</Filter>
    </Image>
    <Image Include="Tekstury\leisure_playground.png">
      <Filter>Resource Files</Filter>
    </Image>
    <Image Include="Tekstury\leisure_waterpark.png">
      <Filter>Resource Files</Filter>
    </Image>
    <Image Include="Tekstury\Liftgate-7.png">
      <Filter>Resource Files</Filter>
    </Image>
    <Image Include="Tekstury\manmade_lighthouse.png">
      <Filter>Resource Files</Filter>
    </Image>
    <Image Include="Tekstury\manmade_mast.png">
      <Filter>Resource Files</Filter>
    </Image>
    <Image Include="Tekstury\manmade_watertower.png">
      <Filter>Resource Files</Filter>
    </Image>
    <Image Include="Tekstury\manmade_windmill.png">
      <Filter>Resource Files</Filter>
    </Image>
    <Image Include="Tekstury\railway_crossing.png">
      <Filter>Resource Files</Filter>
    </Image>
    <Image Include="Tekstury\railway_subwayentrance.png">
      <Filter>Resource Files</Filter>
    </Image>
  </ItemGroup>
</Project>